// !$*UTF8*$!
{
	archiveVersion = 1;
	classes = {
	};
	objectVersion = 50;
	objects = {

/* Begin PBXBuildFile section */
		4763D43022F8021900138009 /* AppDelegate.m in Sources */ = {isa = PBXBuildFile; fileRef = 4763D42F22F8021900138009 /* AppDelegate.m */; };
		4763D43322F8021900138009 /* ViewController.m in Sources */ = {isa = PBXBuildFile; fileRef = 4763D43222F8021900138009 /* ViewController.m */; };
		4763D43622F8021900138009 /* Main.storyboard in Resources */ = {isa = PBXBuildFile; fileRef = 4763D43422F8021900138009 /* Main.storyboard */; };
		4763D43822F8021C00138009 /* Assets.xcassets in Resources */ = {isa = PBXBuildFile; fileRef = 4763D43722F8021C00138009 /* Assets.xcassets */; };
		4763D43B22F8021C00138009 /* LaunchScreen.storyboard in Resources */ = {isa = PBXBuildFile; fileRef = 4763D43922F8021C00138009 /* LaunchScreen.storyboard */; };
		4763D43E22F8021C00138009 /* main.m in Sources */ = {isa = PBXBuildFile; fileRef = 4763D43D22F8021C00138009 /* main.m */; };
		4763D44822F8021C00138009 /* DemoTests.m in Sources */ = {isa = PBXBuildFile; fileRef = 4763D44722F8021C00138009 /* DemoTests.m */; };
		4763D45322F8021C00138009 /* DemoUITests.m in Sources */ = {isa = PBXBuildFile; fileRef = 4763D45222F8021C00138009 /* DemoUITests.m */; };
/* End PBXBuildFile section */

/* Begin PBXContainerItemProxy section */
		4763D44422F8021C00138009 /* PBXContainerItemProxy */ = {
			isa = PBXContainerItemProxy;
			containerPortal = 4763D42322F8021900138009 /* Project object */;
			proxyType = 1;
			remoteGlobalIDString = 4763D42A22F8021900138009;
			remoteInfo = Demo;
		};
		4763D44F22F8021C00138009 /* PBXContainerItemProxy */ = {
			isa = PBXContainerItemProxy;
			containerPortal = 4763D42322F8021900138009 /* Project object */;
			proxyType = 1;
			remoteGlobalIDString = 4763D42A22F8021900138009;
			remoteInfo = Demo;
		};
/* End PBXContainerItemProxy section */

/* Begin PBXFileReference section */
		4763D42B22F8021900138009 /* Demo.app */ = {isa = PBXFileReference; explicitFileType = wrapper.application; includeInIndex = 0; path = Demo.app; sourceTree = BUILT_PRODUCTS_DIR; };
		4763D42E22F8021900138009 /* AppDelegate.h */ = {isa = PBXFileReference; lastKnownFileType = sourcecode.c.h; path = AppDelegate.h; sourceTree = "<group>"; };
		4763D42F22F8021900138009 /* AppDelegate.m */ = {isa = PBXFileReference; lastKnownFileType = sourcecode.c.objc; path = AppDelegate.m; sourceTree = "<group>"; };
		4763D43122F8021900138009 /* ViewController.h */ = {isa = PBXFileReference; lastKnownFileType = sourcecode.c.h; path = ViewController.h; sourceTree = "<group>"; };
		4763D43222F8021900138009 /* ViewController.m */ = {isa = PBXFileReference; lastKnownFileType = sourcecode.c.objc; path = ViewController.m; sourceTree = "<group>"; };
		4763D43522F8021900138009 /* Base */ = {isa = PBXFileReference; lastKnownFileType = file.storyboard; name = Base; path = Base.lproj/Main.storyboard; sourceTree = "<group>"; };
		4763D43722F8021C00138009 /* Assets.xcassets */ = {isa = PBXFileReference; lastKnownFileType = folder.assetcatalog; path = Assets.xcassets; sourceTree = "<group>"; };
		4763D43A22F8021C00138009 /* Base */ = {isa = PBXFileReference; lastKnownFileType = file.storyboard; name = Base; path = Base.lproj/LaunchScreen.storyboard; sourceTree = "<group>"; };
		4763D43C22F8021C00138009 /* Info.plist */ = {isa = PBXFileReference; lastKnownFileType = text.plist.xml; path = Info.plist; sourceTree = "<group>"; };
		4763D43D22F8021C00138009 /* main.m */ = {isa = PBXFileReference; lastKnownFileType = sourcecode.c.objc; path = main.m; sourceTree = "<group>"; };
		4763D44322F8021C00138009 /* DemoTests.xctest */ = {isa = PBXFileReference; explicitFileType = wrapper.cfbundle; includeInIndex = 0; path = DemoTests.xctest; sourceTree = BUILT_PRODUCTS_DIR; };
		4763D44722F8021C00138009 /* DemoTests.m */ = {isa = PBXFileReference; lastKnownFileType = sourcecode.c.objc; path = DemoTests.m; sourceTree = "<group>"; };
		4763D44922F8021C00138009 /* Info.plist */ = {isa = PBXFileReference; lastKnownFileType = text.plist.xml; path = Info.plist; sourceTree = "<group>"; };
		4763D44E22F8021C00138009 /* DemoUITests.xctest */ = {isa = PBXFileReference; explicitFileType = wrapper.cfbundle; includeInIndex = 0; path = DemoUITests.xctest; sourceTree = BUILT_PRODUCTS_DIR; };
		4763D45222F8021C00138009 /* DemoUITests.m */ = {isa = PBXFileReference; lastKnownFileType = sourcecode.c.objc; path = DemoUITests.m; sourceTree = "<group>"; };
		4763D45422F8021C00138009 /* Info.plist */ = {isa = PBXFileReference; lastKnownFileType = text.plist.xml; path = Info.plist; sourceTree = "<group>"; };
/* End PBXFileReference section */

/* Begin PBXFrameworksBuildPhase section */
		4763D42822F8021900138009 /* Frameworks */ = {
			isa = PBXFrameworksBuildPhase;
			buildActionMask = 2147483647;
			files = (
			);
			runOnlyForDeploymentPostprocessing = 0;
		};
		4763D44022F8021C00138009 /* Frameworks */ = {
			isa = PBXFrameworksBuildPhase;
			buildActionMask = 2147483647;
			files = (
			);
			runOnlyForDeploymentPostprocessing = 0;
		};
		4763D44B22F8021C00138009 /* Frameworks */ = {
			isa = PBXFrameworksBuildPhase;
			buildActionMask = 2147483647;
			files = (
			);
			runOnlyForDeploymentPostprocessing = 0;
		};
/* End PBXFrameworksBuildPhase section */

/* Begin PBXGroup section */
		4763D42222F8021900138009 = {
			isa = PBXGroup;
			children = (
				4763D42D22F8021900138009 /* Demo */,
				4763D44622F8021C00138009 /* DemoTests */,
				4763D45122F8021C00138009 /* DemoUITests */,
				4763D42C22F8021900138009 /* Products */,
			);
			sourceTree = "<group>";
		};
		4763D42C22F8021900138009 /* Products */ = {
			isa = PBXGroup;
			children = (
				4763D42B22F8021900138009 /* Demo.app */,
				4763D44322F8021C00138009 /* DemoTests.xctest */,
				4763D44E22F8021C00138009 /* DemoUITests.xctest */,
			);
			name = Products;
			sourceTree = "<group>";
		};
		4763D42D22F8021900138009 /* Demo */ = {
			isa = PBXGroup;
			children = (
				4763D42E22F8021900138009 /* AppDelegate.h */,
				4763D42F22F8021900138009 /* AppDelegate.m */,
				4763D43122F8021900138009 /* ViewController.h */,
				4763D43222F8021900138009 /* ViewController.m */,
				4763D43422F8021900138009 /* Main.storyboard */,
				4763D43722F8021C00138009 /* Assets.xcassets */,
				4763D43922F8021C00138009 /* LaunchScreen.storyboard */,
				4763D43C22F8021C00138009 /* Info.plist */,
				4763D43D22F8021C00138009 /* main.m */,
			);
			path = Demo;
			sourceTree = "<group>";
		};
		4763D44622F8021C00138009 /* DemoTests */ = {
			isa = PBXGroup;
			children = (
				4763D44722F8021C00138009 /* DemoTests.m */,
				4763D44922F8021C00138009 /* Info.plist */,
			);
			path = DemoTests;
			sourceTree = "<group>";
		};
		4763D45122F8021C00138009 /* DemoUITests */ = {
			isa = PBXGroup;
			children = (
				4763D45222F8021C00138009 /* DemoUITests.m */,
				4763D45422F8021C00138009 /* Info.plist */,
			);
			path = DemoUITests;
			sourceTree = "<group>";
		};
/* End PBXGroup section */

/* Begin PBXNativeTarget section */
		4763D42A22F8021900138009 /* Demo */ = {
			isa = PBXNativeTarget;
			buildConfigurationList = 4763D45722F8021C00138009 /* Build configuration list for PBXNativeTarget "Demo" */;
			buildPhases = (
				4763D42722F8021900138009 /* Sources */,
				4763D42822F8021900138009 /* Frameworks */,
				4763D42922F8021900138009 /* Resources */,
			);
			buildRules = (
			);
			dependencies = (
			);
			name = Demo;
			productName = Demo;
			productReference = 4763D42B22F8021900138009 /* Demo.app */;
			productType = "com.apple.product-type.application";
		};
		4763D44222F8021C00138009 /* DemoTests */ = {
			isa = PBXNativeTarget;
			buildConfigurationList = 4763D45A22F8021C00138009 /* Build configuration list for PBXNativeTarget "DemoTests" */;
			buildPhases = (
				4763D43F22F8021C00138009 /* Sources */,
				4763D44022F8021C00138009 /* Frameworks */,
				4763D44122F8021C00138009 /* Resources */,
			);
			buildRules = (
			);
			dependencies = (
				4763D44522F8021C00138009 /* PBXTargetDependency */,
			);
			name = DemoTests;
			productName = DemoTests;
			productReference = 4763D44322F8021C00138009 /* DemoTests.xctest */;
			productType = "com.apple.product-type.bundle.unit-test";
		};
		4763D44D22F8021C00138009 /* DemoUITests */ = {
			isa = PBXNativeTarget;
			buildConfigurationList = 4763D45D22F8021C00138009 /* Build configuration list for PBXNativeTarget "DemoUITests" */;
			buildPhases = (
				4763D44A22F8021C00138009 /* Sources */,
				4763D44B22F8021C00138009 /* Frameworks */,
				4763D44C22F8021C00138009 /* Resources */,
			);
			buildRules = (
			);
			dependencies = (
				4763D45022F8021C00138009 /* PBXTargetDependency */,
			);
			name = DemoUITests;
			productName = DemoUITests;
			productReference = 4763D44E22F8021C00138009 /* DemoUITests.xctest */;
			productType = "com.apple.product-type.bundle.ui-testing";
		};
/* End PBXNativeTarget section */

/* Begin PBXProject section */
		4763D42322F8021900138009 /* Project object */ = {
			isa = PBXProject;
			attributes = {
				LastUpgradeCheck = 1020;
				ORGANIZATIONNAME = ryan;
				TargetAttributes = {
					4763D42A22F8021900138009 = {
						CreatedOnToolsVersion = 10.2;
					};
					4763D44222F8021C00138009 = {
						CreatedOnToolsVersion = 10.2;
						TestTargetID = 4763D42A22F8021900138009;
					};
					4763D44D22F8021C00138009 = {
						CreatedOnToolsVersion = 10.2;
						TestTargetID = 4763D42A22F8021900138009;
					};
				};
			};
			buildConfigurationList = 4763D42622F8021900138009 /* Build configuration list for PBXProject "Demo" */;
			compatibilityVersion = "Xcode 9.3";
			developmentRegion = en;
			hasScannedForEncodings = 0;
			knownRegions = (
				en,
				Base,
			);
			mainGroup = 4763D42222F8021900138009;
			productRefGroup = 4763D42C22F8021900138009 /* Products */;
			projectDirPath = "";
			projectRoot = "";
			targets = (
				4763D42A22F8021900138009 /* Demo */,
				4763D44222F8021C00138009 /* DemoTests */,
				4763D44D22F8021C00138009 /* DemoUITests */,
			);
		};
/* End PBXProject section */

/* Begin PBXResourcesBuildPhase section */
		4763D42922F8021900138009 /* Resources */ = {
			isa = PBXResourcesBuildPhase;
			buildActionMask = 2147483647;
			files = (
				4763D43B22F8021C00138009 /* LaunchScreen.storyboard in Resources */,
				4763D43822F8021C00138009 /* Assets.xcassets in Resources */,
				4763D43622F8021900138009 /* Main.storyboard in Resources */,
			);
			runOnlyForDeploymentPostprocessing = 0;
		};
		4763D44122F8021C00138009 /* Resources */ = {
			isa = PBXResourcesBuildPhase;
			buildActionMask = 2147483647;
			files = (
			);
			runOnlyForDeploymentPostprocessing = 0;
		};
		4763D44C22F8021C00138009 /* Resources */ = {
			isa = PBXResourcesBuildPhase;
			buildActionMask = 2147483647;
			files = (
			);
			runOnlyForDeploymentPostprocessing = 0;
		};
/* End PBXResourcesBuildPhase section */

/* Begin PBXSourcesBuildPhase section */
		4763D42722F8021900138009 /* Sources */ = {
			isa = PBXSourcesBuildPhase;
			buildActionMask = 2147483647;
			files = (
				4763D43322F8021900138009 /* ViewController.m in Sources */,
				4763D43E22F8021C00138009 /* main.m in Sources */,
				4763D43022F8021900138009 /* AppDelegate.m in Sources */,
			);
			runOnlyForDeploymentPostprocessing = 0;
		};
		4763D43F22F8021C00138009 /* Sources */ = {
			isa = PBXSourcesBuildPhase;
			buildActionMask = 2147483647;
			files = (
				4763D44822F8021C00138009 /* DemoTests.m in Sources */,
			);
			runOnlyForDeploymentPostprocessing = 0;
		};
		4763D44A22F8021C00138009 /* Sources */ = {
			isa = PBXSourcesBuildPhase;
			buildActionMask = 2147483647;
			files = (
				4763D45322F8021C00138009 /* DemoUITests.m in Sources */,
			);
			runOnlyForDeploymentPostprocessing = 0;
		};
/* End PBXSourcesBuildPhase section */

/* Begin PBXTargetDependency section */
		4763D44522F8021C00138009 /* PBXTargetDependency */ = {
			isa = PBXTargetDependency;
			target = 4763D42A22F8021900138009 /* Demo */;
			targetProxy = 4763D44422F8021C00138009 /* PBXContainerItemProxy */;
		};
		4763D45022F8021C00138009 /* PBXTargetDependency */ = {
			isa = PBXTargetDependency;
			target = 4763D42A22F8021900138009 /* Demo */;
			targetProxy = 4763D44F22F8021C00138009 /* PBXContainerItemProxy */;
		};
/* End PBXTargetDependency section */

/* Begin PBXVariantGroup section */
		4763D43422F8021900138009 /* Main.storyboard */ = {
			isa = PBXVariantGroup;
			children = (
				4763D43522F8021900138009 /* Base */,
			);
			name = Main.storyboard;
			sourceTree = "<group>";
		};
		4763D43922F8021C00138009 /* LaunchScreen.storyboard */ = {
			isa = PBXVariantGroup;
			children = (
				4763D43A22F8021C00138009 /* Base */,
			);
			name = LaunchScreen.storyboard;
			sourceTree = "<group>";
		};
/* End PBXVariantGroup section */

/* Begin XCBuildConfiguration section */
		4763D45522F8021C00138009 /* Debug */ = {
			isa = XCBuildConfiguration;
			buildSettings = {
				ALWAYS_SEARCH_USER_PATHS = NO;
				CLANG_ANALYZER_NONNULL = YES;
				CLANG_ANALYZER_NUMBER_OBJECT_CONVERSION = YES_AGGRESSIVE;
				CLANG_CXX_LANGUAGE_STANDARD = "gnu++14";
				CLANG_CXX_LIBRARY = "libc++";
				CLANG_ENABLE_MODULES = YES;
				CLANG_ENABLE_OBJC_ARC = YES;
				CLANG_ENABLE_OBJC_WEAK = YES;
				CLANG_WARN_BLOCK_CAPTURE_AUTORELEASING = YES;
				CLANG_WARN_BOOL_CONVERSION = YES;
				CLANG_WARN_COMMA = YES;
				CLANG_WARN_CONSTANT_CONVERSION = YES;
				CLANG_WARN_DEPRECATED_OBJC_IMPLEMENTATIONS = YES;
				CLANG_WARN_DIRECT_OBJC_ISA_USAGE = YES_ERROR;
				CLANG_WARN_DOCUMENTATION_COMMENTS = YES;
				CLANG_WARN_EMPTY_BODY = YES;
				CLANG_WARN_ENUM_CONVERSION = YES;
				CLANG_WARN_INFINITE_RECURSION = YES;
				CLANG_WARN_INT_CONVERSION = YES;
				CLANG_WARN_NON_LITERAL_NULL_CONVERSION = YES;
				CLANG_WARN_OBJC_IMPLICIT_RETAIN_SELF = YES;
				CLANG_WARN_OBJC_LITERAL_CONVERSION = YES;
				CLANG_WARN_OBJC_ROOT_CLASS = YES_ERROR;
				CLANG_WARN_RANGE_LOOP_ANALYSIS = YES;
				CLANG_WARN_STRICT_PROTOTYPES = YES;
				CLANG_WARN_SUSPICIOUS_MOVE = YES;
				CLANG_WARN_UNGUARDED_AVAILABILITY = YES_AGGRESSIVE;
				CLANG_WARN_UNREACHABLE_CODE = YES;
				CLANG_WARN__DUPLICATE_METHOD_MATCH = YES;
				CODE_SIGN_IDENTITY = "iPhone Developer";
				COPY_PHASE_STRIP = NO;
				DEBUG_INFORMATION_FORMAT = dwarf;
				ENABLE_STRICT_OBJC_MSGSEND = YES;
				ENABLE_TESTABILITY = YES;
				GCC_C_LANGUAGE_STANDARD = gnu11;
				GCC_DYNAMIC_NO_PIC = NO;
				GCC_NO_COMMON_BLOCKS = YES;
				GCC_OPTIMIZATION_LEVEL = 0;
				GCC_PREPROCESSOR_DEFINITIONS = (
					"DEBUG=1",
					"$(inherited)",
				);
				GCC_WARN_64_TO_32_BIT_CONVERSION = YES;
				GCC_WARN_ABOUT_RETURN_TYPE = YES_ERROR;
				GCC_WARN_UNDECLARED_SELECTOR = YES;
				GCC_WARN_UNINITIALIZED_AUTOS = YES_AGGRESSIVE;
				GCC_WARN_UNUSED_FUNCTION = YES;
				GCC_WARN_UNUSED_VARIABLE = YES;
				IPHONEOS_DEPLOYMENT_TARGET = 12.2;
				MTL_ENABLE_DEBUG_INFO = INCLUDE_SOURCE;
				MTL_FAST_MATH = YES;
				ONLY_ACTIVE_ARCH = YES;
				SDKROOT = iphoneos;
			};
			name = Debug;
		};
		4763D45622F8021C00138009 /* Release */ = {
			isa = XCBuildConfiguration;
			buildSettings = {
				ALWAYS_SEARCH_USER_PATHS = NO;
				CLANG_ANALYZER_NONNULL = YES;
				CLANG_ANALYZER_NUMBER_OBJECT_CONVERSION = YES_AGGRESSIVE;
				CLANG_CXX_LANGUAGE_STANDARD = "gnu++14";
				CLANG_CXX_LIBRARY = "libc++";
				CLANG_ENABLE_MODULES = YES;
				CLANG_ENABLE_OBJC_ARC = YES;
				CLANG_ENABLE_OBJC_WEAK = YES;
				CLANG_WARN_BLOCK_CAPTURE_AUTORELEASING = YES;
				CLANG_WARN_BOOL_CONVERSION = YES;
				CLANG_WARN_COMMA = YES;
				CLANG_WARN_CONSTANT_CONVERSION = YES;
				CLANG_WARN_DEPRECATED_OBJC_IMPLEMENTATIONS = YES;
				CLANG_WARN_DIRECT_OBJC_ISA_USAGE = YES_ERROR;
				CLANG_WARN_DOCUMENTATION_COMMENTS = YES;
				CLANG_WARN_EMPTY_BODY = YES;
				CLANG_WARN_ENUM_CONVERSION = YES;
				CLANG_WARN_INFINITE_RECURSION = YES;
				CLANG_WARN_INT_CONVERSION = YES;
				CLANG_WARN_NON_LITERAL_NULL_CONVERSION = YES;
				CLANG_WARN_OBJC_IMPLICIT_RETAIN_SELF = YES;
				CLANG_WARN_OBJC_LITERAL_CONVERSION = YES;
				CLANG_WARN_OBJC_ROOT_CLASS = YES_ERROR;
				CLANG_WARN_RANGE_LOOP_ANALYSIS = YES;
				CLANG_WARN_STRICT_PROTOTYPES = YES;
				CLANG_WARN_SUSPICIOUS_MOVE = YES;
				CLANG_WARN_UNGUARDED_AVAILABILITY = YES_AGGRESSIVE;
				CLANG_WARN_UNREACHABLE_CODE = YES;
				CLANG_WARN__DUPLICATE_METHOD_MATCH = YES;
				CODE_SIGN_IDENTITY = "iPhone Developer";
				COPY_PHASE_STRIP = NO;
				DEBUG_INFORMATION_FORMAT = "dwarf-with-dsym";
				ENABLE_NS_ASSERTIONS = NO;
				ENABLE_STRICT_OBJC_MSGSEND = YES;
				GCC_C_LANGUAGE_STANDARD = gnu11;
				GCC_NO_COMMON_BLOCKS = YES;
				GCC_WARN_64_TO_32_BIT_CONVERSION = YES;
				GCC_WARN_ABOUT_RETURN_TYPE = YES_ERROR;
				GCC_WARN_UNDECLARED_SELECTOR = YES;
				GCC_WARN_UNINITIALIZED_AUTOS = YES_AGGRESSIVE;
				GCC_WARN_UNUSED_FUNCTION = YES;
				GCC_WARN_UNUSED_VARIABLE = YES;
				IPHONEOS_DEPLOYMENT_TARGET = 12.2;
				MTL_ENABLE_DEBUG_INFO = NO;
				MTL_FAST_MATH = YES;
				SDKROOT = iphoneos;
				VALIDATE_PRODUCT = YES;
			};
			name = Release;
		};
		4763D45822F8021C00138009 /* Debug */ = {
			isa = XCBuildConfiguration;
			buildSettings = {
				ASSETCATALOG_COMPILER_APPICON_NAME = AppIcon;
				CODE_SIGN_STYLE = Automatic;
				DEVELOPMENT_TEAM = QC8B98WKMY;
				INFOPLIST_FILE = Demo/Info.plist;
				LD_RUNPATH_SEARCH_PATHS = (
					"$(inherited)",
					"@executable_path/Frameworks",
				);
				PRODUCT_BUNDLE_IDENTIFIER = com.md.Demo;
				PRODUCT_NAME = "$(TARGET_NAME)";
				TARGETED_DEVICE_FAMILY = "1,2";
			};
			name = Debug;
		};
		4763D45922F8021C00138009 /* Release */ = {
			isa = XCBuildConfiguration;
			buildSettings = {
				ASSETCATALOG_COMPILER_APPICON_NAME = AppIcon;
				CODE_SIGN_STYLE = Automatic;
				DEVELOPMENT_TEAM = QC8B98WKMY;
				INFOPLIST_FILE = Demo/Info.plist;
				LD_RUNPATH_SEARCH_PATHS = (
					"$(inherited)",
					"@executable_path/Frameworks",
				);
				PRODUCT_BUNDLE_IDENTIFIER = com.md.Demo;
				PRODUCT_NAME = "$(TARGET_NAME)";
				TARGETED_DEVICE_FAMILY = "1,2";
			};
			name = Release;
		};
		4763D45B22F8021C00138009 /* Debug */ = {
			isa = XCBuildConfiguration;
			buildSettings = {
				BUNDLE_LOADER = "$(TEST_HOST)";
				CODE_SIGN_STYLE = Automatic;
				DEVELOPMENT_TEAM = QC8B98WKMY;
				INFOPLIST_FILE = DemoTests/Info.plist;
				LD_RUNPATH_SEARCH_PATHS = (
					"$(inherited)",
					"@executable_path/Frameworks",
					"@loader_path/Frameworks",
				);
				PRODUCT_BUNDLE_IDENTIFIER = com.md.DemoTests;
				PRODUCT_NAME = "$(TARGET_NAME)";
				TARGETED_DEVICE_FAMILY = "1,2";
				TEST_HOST = "$(BUILT_PRODUCTS_DIR)/Demo.app/Demo";
			};
			name = Debug;
		};
		4763D45C22F8021C00138009 /* Release */ = {
			isa = XCBuildConfiguration;
			buildSettings = {
				BUNDLE_LOADER = "$(TEST_HOST)";
				CODE_SIGN_STYLE = Automatic;
				DEVELOPMENT_TEAM = QC8B98WKMY;
				INFOPLIST_FILE = DemoTests/Info.plist;
				LD_RUNPATH_SEARCH_PATHS = (
					"$(inherited)",
					"@executable_path/Frameworks",
					"@loader_path/Frameworks",
				);
				PRODUCT_BUNDLE_IDENTIFIER = com.md.DemoTests;
				PRODUCT_NAME = "$(TARGET_NAME)";
				TARGETED_DEVICE_FAMILY = "1,2";
				TEST_HOST = "$(BUILT_PRODUCTS_DIR)/Demo.app/Demo";
			};
			name = Release;
		};
		4763D45E22F8021C00138009 /* Debug */ = {
			isa = XCBuildConfiguration;
			buildSettings = {
				CODE_SIGN_STYLE = Automatic;
				DEVELOPMENT_TEAM = QC8B98WKMY;
				INFOPLIST_FILE = DemoUITests/Info.plist;
				LD_RUNPATH_SEARCH_PATHS = (
					"$(inherited)",
					"@executable_path/Frameworks",
					"@loader_path/Frameworks",
				);
				PRODUCT_BUNDLE_IDENTIFIER = com.md.DemoUITests;
				PRODUCT_NAME = "$(TARGET_NAME)";
				TARGETED_DEVICE_FAMILY = "1,2";
				TEST_TARGET_NAME = Demo;
			};
			name = Debug;
		};
		4763D45F22F8021C00138009 /* Release */ = {
			isa = XCBuildConfiguration;
			buildSettings = {
				CODE_SIGN_STYLE = Automatic;
				DEVELOPMENT_TEAM = QC8B98WKMY;
				INFOPLIST_FILE = DemoUITests/Info.plist;
				LD_RUNPATH_SEARCH_PATHS = (
					"$(inherited)",
					"@executable_path/Frameworks",
					"@loader_path/Frameworks",
				);
				PRODUCT_BUNDLE_IDENTIFIER = com.md.DemoUITests;
				PRODUCT_NAME = "$(TARGET_NAME)";
				TARGETED_DEVICE_FAMILY = "1,2";
				TEST_TARGET_NAME = Demo;
			};
			name = Release;
		};
/* End XCBuildConfiguration section */

/* Begin XCConfigurationList section */
		4763D42622F8021900138009 /* Build configuration list for PBXProject "Demo" */ = {
			isa = XCConfigurationList;
			buildConfigurations = (
				4763D45522F8021C00138009 /* Debug */,
				4763D45622F8021C00138009 /* Release */,
			);
			defaultConfigurationIsVisible = 0;
			defaultConfigurationName = Release;
		};
		4763D45722F8021C00138009 /* Build configuration list for PBXNativeTarget "Demo" */ = {
			isa = XCConfigurationList;
			buildConfigurations = (
				4763D45822F8021C00138009 /* Debug */,
				4763D45922F8021C00138009 /* Release */,
			);
			defaultConfigurationIsVisible = 0;
			defaultConfigurationName = Release;
		};
		4763D45A22F8021C00138009 /* Build configuration list for PBXNativeTarget "DemoTests" */ = {
			isa = XCConfigurationList;
			buildConfigurations = (
				4763D45B22F8021C00138009 /* Debug */,
				4763D45C22F8021C00138009 /* Release */,
			);
			defaultConfigurationIsVisible = 0;
			defaultConfigurationName = Release;
		};
		4763D45D22F8021C00138009 /* Build configuration list for PBXNativeTarget "DemoUITests" */ = {
			isa = XCConfigurationList;
			buildConfigurations = (
				4763D45E22F8021C00138009 /* Debug */,
				4763D45F22F8021C00138009 /* Release */,
			);
			defaultConfigurationIsVisible = 0;
			defaultConfigurationName = Release;
		};
/* End XCConfigurationList section */
	};
	rootObject = 4763D42322F8021900138009 /* Project object */;
}
